{
  "originHash" : "642554ce8a321d2cebc951242589790c18197149b1cd63940701ba91ca4f63c8",
  "pins" : [
    {
      "identity" : "kvkcalendar",
      "kind" : "remoteSourceControl",
      "location" : "https://github.com/kvyatkovskys/KVKCalendar.git",
      "state" : {
        "revision" : "330086ba06c747c8ad15d332ef1094e91398af10",
        "version" : "0.6.30"
      }
    }
  ],
  "version" : 3
}
